
Microsoft Visual Studio Solution File, Format Version 12.00
# Visual Studio Version 17
VisualStudioVersion = 17.6.33723.286
MinimumVisualStudioVersion = 10.0.40219.1
Project("{FAE04EC0-301F-11D3-BF4B-00C04F79EFBC}") = "UpdateTrackerService", "UpdateTrackerService\UpdateTrackerService.csproj", "{701AED6F-7D35-4883-84A2-19A88923B8D8}"
EndProject
Project("{FAE04EC0-301F-11D3-BF4B-00C04F79EFBC}") = "UpdatesViewer", "UpdatesViewer\UpdatesViewer.csproj", "{C2E5CBAC-0FB0-43A7-86CE-49A4EE071A7C}"
EndProject
Global
	GlobalSection(SolutionConfigurationPlatforms) = preSolution
		Debug|Any CPU = Debug|Any CPU
		Release|Any CPU = Release|Any CPU
	EndGlobalSection
	GlobalSection(ProjectConfigurationPlatforms) = postSolution
		{701AED6F-7D35-4883-84A2-19A88923B8D8}.Debug|Any CPU.ActiveCfg = Debug|Any CPU
		{701AED6F-7D35-4883-84A2-19A88923B8D8}.Debug|Any CPU.Build.0 = Debug|Any CPU
		{701AED6F-7D35-4883-84A2-19A88923B8D8}.Release|Any CPU.ActiveCfg = Release|Any CPU
		{701AED6F-7D35-4883-84A2-19A88923B8D8}.Release|Any CPU.Build.0 = Release|Any CPU
		{C2E5CBAC-0FB0-43A7-86CE-49A4EE071A7C}.Debug|Any CPU.ActiveCfg = Debug|Any CPU
		{C2E5CBAC-0FB0-43A7-86CE-49A4EE071A7C}.Debug|Any CPU.Build.0 = Debug|Any CPU
		{C2E5CBAC-0FB0-43A7-86CE-49A4EE071A7C}.Release|Any CPU.ActiveCfg = Release|Any CPU
		{C2E5CBAC-0FB0-43A7-86CE-49A4EE071A7C}.Release|Any CPU.Build.0 = Release|Any CPU
	EndGlobalSection
	GlobalSection(SolutionProperties) = preSolution
		HideSolutionNode = FALSE
	EndGlobalSection
	GlobalSection(ExtensibilityGlobals) = postSolution
		SolutionGuid = {7773828D-F9D3-4158-ACAE-07AF47294561}
	EndGlobalSection
EndGlobal
